{
  "name": "bup-website",
  "lockfileVersion": 3,
  "requires": true,
  "packages": {
    "": {
      "dependencies": {
        "@preline/accordion": "^1.3.0"
      }
    },
    "node_modules/@preline/accordion": {
      "version": "1.3.0",
      "resolved": "https://registry.npmjs.org/@preline/accordion/-/accordion-1.3.0.tgz",
      "integrity": "sha512-C1SGHBcxRRmMxnGmJ9baWR4o12OyVJ0VYc9m07HK42jBrzP9aB3CiAlJvpTtLHTS3B85gp7ygFBBOnQnGhCtgQ=="
    }
  }
}
